// !$*UTF8*$!
{
	archiveVersion = 1;
	classes = {
	};
	objectVersion = 46;
	objects = {

/* Begin PBXBuildFile section */
		4177F43025026BBB00EE8826 /* VPImageCropperViewController.m in Sources */ = {isa = PBXBuildFile; fileRef = 4177F42C25026BBB00EE8826 /* VPImageCropperViewController.m */; };
		4177F43125026BBB00EE8826 /* UIViewControllerImageCropper.m in Sources */ = {isa = PBXBuildFile; fileRef = 4177F42F25026BBB00EE8826 /* UIViewControllerImageCropper.m */; };
		66CF3C2A1D1CD226007E5FE3 /* main.m in Sources */ = {isa = PBXBuildFile; fileRef = 66CF3C291D1CD226007E5FE3 /* main.m */; };
		66CF3C2D1D1CD226007E5FE3 /* AppDelegate.m in Sources */ = {isa = PBXBuildFile; fileRef = 66CF3C2C1D1CD226007E5FE3 /* AppDelegate.m */; };
		66CF3C351D1CD226007E5FE3 /* Assets.xcassets in Resources */ = {isa = PBXBuildFile; fileRef = 66CF3C341D1CD226007E5FE3 /* Assets.xcassets */; };
		66CF3C381D1CD226007E5FE3 /* LaunchScreen.storyboard in Resources */ = {isa = PBXBuildFile; fileRef = 66CF3C361D1CD226007E5FE3 /* LaunchScreen.storyboard */; };
		66CF3C431D1CD226007E5FE3 /* ImageSelectorTests.m in Sources */ = {isa = PBXBuildFile; fileRef = 66CF3C421D1CD226007E5FE3 /* ImageSelectorTests.m */; };
		66CF3C4E1D1CD226007E5FE3 /* ImageSelectorUITests.m in Sources */ = {isa = PBXBuildFile; fileRef = 66CF3C4D1D1CD226007E5FE3 /* ImageSelectorUITests.m */; };
		66CF3C6C1D1CD88D007E5FE3 /* MainViewController.m in Sources */ = {isa = PBXBuildFile; fileRef = 66CF3C6A1D1CD88D007E5FE3 /* MainViewController.m */; };
		66CF3C6D1D1CD88D007E5FE3 /* MainViewController.xib in Resources */ = {isa = PBXBuildFile; fileRef = 66CF3C6B1D1CD88D007E5FE3 /* MainViewController.xib */; };
/* End PBXBuildFile section */

/* Begin PBXContainerItemProxy section */
		66CF3C3F1D1CD226007E5FE3 /* PBXContainerItemProxy */ = {
			isa = PBXContainerItemProxy;
			containerPortal = 66CF3C1D1D1CD226007E5FE3 /* Project object */;
			proxyType = 1;
			remoteGlobalIDString = 66CF3C241D1CD226007E5FE3;
			remoteInfo = ImageSelector;
		};
		66CF3C4A1D1CD226007E5FE3 /* PBXContainerItemProxy */ = {
			isa = PBXContainerItemProxy;
			containerPortal = 66CF3C1D1D1CD226007E5FE3 /* Project object */;
			proxyType = 1;
			remoteGlobalIDString = 66CF3C241D1CD226007E5FE3;
			remoteInfo = ImageSelector;
		};
/* End PBXContainerItemProxy section */

/* Begin PBXFileReference section */
		4177F42C25026BBB00EE8826 /* VPImageCropperViewController.m */ = {isa = PBXFileReference; fileEncoding = 4; lastKnownFileType = sourcecode.c.objc; path = VPImageCropperViewController.m; sourceTree = "<group>"; };
		4177F42D25026BBB00EE8826 /* UIViewControllerImageCropper.h */ = {isa = PBXFileReference; fileEncoding = 4; lastKnownFileType = sourcecode.c.h; path = UIViewControllerImageCropper.h; sourceTree = "<group>"; };
		4177F42E25026BBB00EE8826 /* VPImageCropperViewController.h */ = {isa = PBXFileReference; fileEncoding = 4; lastKnownFileType = sourcecode.c.h; path = VPImageCropperViewController.h; sourceTree = "<group>"; };
		4177F42F25026BBB00EE8826 /* UIViewControllerImageCropper.m */ = {isa = PBXFileReference; fileEncoding = 4; lastKnownFileType = sourcecode.c.objc; path = UIViewControllerImageCropper.m; sourceTree = "<group>"; };
		66CF3C251D1CD226007E5FE3 /* ImageSelector.app */ = {isa = PBXFileReference; explicitFileType = wrapper.application; includeInIndex = 0; path = ImageSelector.app; sourceTree = BUILT_PRODUCTS_DIR; };
		66CF3C291D1CD226007E5FE3 /* main.m */ = {isa = PBXFileReference; lastKnownFileType = sourcecode.c.objc; path = main.m; sourceTree = "<group>"; };
		66CF3C2B1D1CD226007E5FE3 /* AppDelegate.h */ = {isa = PBXFileReference; lastKnownFileType = sourcecode.c.h; path = AppDelegate.h; sourceTree = "<group>"; };
		66CF3C2C1D1CD226007E5FE3 /* AppDelegate.m */ = {isa = PBXFileReference; lastKnownFileType = sourcecode.c.objc; path = AppDelegate.m; sourceTree = "<group>"; };
		66CF3C341D1CD226007E5FE3 /* Assets.xcassets */ = {isa = PBXFileReference; lastKnownFileType = folder.assetcatalog; path = Assets.xcassets; sourceTree = "<group>"; };
		66CF3C371D1CD226007E5FE3 /* Base */ = {isa = PBXFileReference; lastKnownFileType = file.storyboard; name = Base; path = Base.lproj/LaunchScreen.storyboard; sourceTree = "<group>"; };
		66CF3C391D1CD226007E5FE3 /* Info.plist */ = {isa = PBXFileReference; lastKnownFileType = text.plist.xml; path = Info.plist; sourceTree = "<group>"; };
		66CF3C3E1D1CD226007E5FE3 /* ImageSelectorTests.xctest */ = {isa = PBXFileReference; explicitFileType = wrapper.cfbundle; includeInIndex = 0; path = ImageSelectorTests.xctest; sourceTree = BUILT_PRODUCTS_DIR; };
		66CF3C421D1CD226007E5FE3 /* ImageSelectorTests.m */ = {isa = PBXFileReference; lastKnownFileType = sourcecode.c.objc; path = ImageSelectorTests.m; sourceTree = "<group>"; };
		66CF3C441D1CD226007E5FE3 /* Info.plist */ = {isa = PBXFileReference; lastKnownFileType = text.plist.xml; path = Info.plist; sourceTree = "<group>"; };
		66CF3C491D1CD226007E5FE3 /* ImageSelectorUITests.xctest */ = {isa = PBXFileReference; explicitFileType = wrapper.cfbundle; includeInIndex = 0; path = ImageSelectorUITests.xctest; sourceTree = BUILT_PRODUCTS_DIR; };
		66CF3C4D1D1CD226007E5FE3 /* ImageSelectorUITests.m */ = {isa = PBXFileReference; lastKnownFileType = sourcecode.c.objc; path = ImageSelectorUITests.m; sourceTree = "<group>"; };
		66CF3C4F1D1CD226007E5FE3 /* Info.plist */ = {isa = PBXFileReference; lastKnownFileType = text.plist.xml; path = Info.plist; sourceTree = "<group>"; };
		66CF3C691D1CD88D007E5FE3 /* MainViewController.h */ = {isa = PBXFileReference; fileEncoding = 4; lastKnownFileType = sourcecode.c.h; path = MainViewController.h; sourceTree = "<group>"; };
		66CF3C6A1D1CD88D007E5FE3 /* MainViewController.m */ = {isa = PBXFileReference; fileEncoding = 4; lastKnownFileType = sourcecode.c.objc; path = MainViewController.m; sourceTree = "<group>"; };
		66CF3C6B1D1CD88D007E5FE3 /* MainViewController.xib */ = {isa = PBXFileReference; fileEncoding = 4; lastKnownFileType = file.xib; path = MainViewController.xib; sourceTree = "<group>"; };
/* End PBXFileReference section */

/* Begin PBXFrameworksBuildPhase section */
		66CF3C221D1CD226007E5FE3 /* Frameworks */ = {
			isa = PBXFrameworksBuildPhase;
			buildActionMask = 2147483647;
			files = (
			);
			runOnlyForDeploymentPostprocessing = 0;
		};
		66CF3C3B1D1CD226007E5FE3 /* Frameworks */ = {
			isa = PBXFrameworksBuildPhase;
			buildActionMask = 2147483647;
			files = (
			);
			runOnlyForDeploymentPostprocessing = 0;
		};
		66CF3C461D1CD226007E5FE3 /* Frameworks */ = {
			isa = PBXFrameworksBuildPhase;
			buildActionMask = 2147483647;
			files = (
			);
			runOnlyForDeploymentPostprocessing = 0;
		};
/* End PBXFrameworksBuildPhase section */

/* Begin PBXGroup section */
		4177F42B25026BBB00EE8826 /* ImageSelector */ = {
			isa = PBXGroup;
			children = (
				4177F42C25026BBB00EE8826 /* VPImageCropperViewController.m */,
				4177F42D25026BBB00EE8826 /* UIViewControllerImageCropper.h */,
				4177F42E25026BBB00EE8826 /* VPImageCropperViewController.h */,
				4177F42F25026BBB00EE8826 /* UIViewControllerImageCropper.m */,
			);
			path = ImageSelector;
			sourceTree = "<group>";
		};
		66CF3C1C1D1CD226007E5FE3 = {
			isa = PBXGroup;
			children = (
				66CF3C271D1CD226007E5FE3 /* ImageSelector */,
				66CF3C411D1CD226007E5FE3 /* ImageSelectorTests */,
				66CF3C4C1D1CD226007E5FE3 /* ImageSelectorUITests */,
				66CF3C261D1CD226007E5FE3 /* Products */,
			);
			sourceTree = "<group>";
		};
		66CF3C261D1CD226007E5FE3 /* Products */ = {
			isa = PBXGroup;
			children = (
				66CF3C251D1CD226007E5FE3 /* ImageSelector.app */,
				66CF3C3E1D1CD226007E5FE3 /* ImageSelectorTests.xctest */,
				66CF3C491D1CD226007E5FE3 /* ImageSelectorUITests.xctest */,
			);
			name = Products;
			sourceTree = "<group>";
		};
		66CF3C271D1CD226007E5FE3 /* ImageSelector */ = {
			isa = PBXGroup;
			children = (
				4177F42B25026BBB00EE8826 /* ImageSelector */,
				66CF3C2B1D1CD226007E5FE3 /* AppDelegate.h */,
				66CF3C2C1D1CD226007E5FE3 /* AppDelegate.m */,
				66CF3C691D1CD88D007E5FE3 /* MainViewController.h */,
				66CF3C6A1D1CD88D007E5FE3 /* MainViewController.m */,
				66CF3C6B1D1CD88D007E5FE3 /* MainViewController.xib */,
				66CF3C281D1CD226007E5FE3 /* Supporting Files */,
			);
			path = ImageSelector;
			sourceTree = "<group>";
		};
		66CF3C281D1CD226007E5FE3 /* Supporting Files */ = {
			isa = PBXGroup;
			children = (
				66CF3C341D1CD226007E5FE3 /* Assets.xcassets */,
				66CF3C361D1CD226007E5FE3 /* LaunchScreen.storyboard */,
				66CF3C391D1CD226007E5FE3 /* Info.plist */,
				66CF3C291D1CD226007E5FE3 /* main.m */,
			);
			name = "Supporting Files";
			sourceTree = "<group>";
		};
		66CF3C411D1CD226007E5FE3 /* ImageSelectorTests */ = {
			isa = PBXGroup;
			children = (
				66CF3C421D1CD226007E5FE3 /* ImageSelectorTests.m */,
				66CF3C441D1CD226007E5FE3 /* Info.plist */,
			);
			path = ImageSelectorTests;
			sourceTree = "<group>";
		};
		66CF3C4C1D1CD226007E5FE3 /* ImageSelectorUITests */ = {
			isa = PBXGroup;
			children = (
				66CF3C4D1D1CD226007E5FE3 /* ImageSelectorUITests.m */,
				66CF3C4F1D1CD226007E5FE3 /* Info.plist */,
			);
			path = ImageSelectorUITests;
			sourceTree = "<group>";
		};
/* End PBXGroup section */

/* Begin PBXNativeTarget section */
		66CF3C241D1CD226007E5FE3 /* ImageSelector */ = {
			isa = PBXNativeTarget;
			buildConfigurationList = 66CF3C521D1CD226007E5FE3 /* Build configuration list for PBXNativeTarget "ImageSelector" */;
			buildPhases = (
				66CF3C211D1CD226007E5FE3 /* Sources */,
				66CF3C221D1CD226007E5FE3 /* Frameworks */,
				66CF3C231D1CD226007E5FE3 /* Resources */,
			);
			buildRules = (
			);
			dependencies = (
			);
			name = ImageSelector;
			productName = ImageSelector;
			productReference = 66CF3C251D1CD226007E5FE3 /* ImageSelector.app */;
			productType = "com.apple.product-type.application";
		};
		66CF3C3D1D1CD226007E5FE3 /* ImageSelectorTests */ = {
			isa = PBXNativeTarget;
			buildConfigurationList = 66CF3C551D1CD226007E5FE3 /* Build configuration list for PBXNativeTarget "ImageSelectorTests" */;
			buildPhases = (
				66CF3C3A1D1CD226007E5FE3 /* Sources */,
				66CF3C3B1D1CD226007E5FE3 /* Frameworks */,
				66CF3C3C1D1CD226007E5FE3 /* Resources */,
			);
			buildRules = (
			);
			dependencies = (
				66CF3C401D1CD226007E5FE3 /* PBXTargetDependency */,
			);
			name = ImageSelectorTests;
			productName = ImageSelectorTests;
			productReference = 66CF3C3E1D1CD226007E5FE3 /* ImageSelectorTests.xctest */;
			productType = "com.apple.product-type.bundle.unit-test";
		};
		66CF3C481D1CD226007E5FE3 /* ImageSelectorUITests */ = {
			isa = PBXNativeTarget;
			buildConfigurationList = 66CF3C581D1CD226007E5FE3 /* Build configuration list for PBXNativeTarget "ImageSelectorUITests" */;
			buildPhases = (
				66CF3C451D1CD226007E5FE3 /* Sources */,
				66CF3C461D1CD226007E5FE3 /* Frameworks */,
				66CF3C471D1CD226007E5FE3 /* Resources */,
			);
			buildRules = (
			);
			dependencies = (
				66CF3C4B1D1CD226007E5FE3 /* PBXTargetDependency */,
			);
			name = ImageSelectorUITests;
			productName = ImageSelectorUITests;
			productReference = 66CF3C491D1CD226007E5FE3 /* ImageSelectorUITests.xctest */;
			productType = "com.apple.product-type.bundle.ui-testing";
		};
/* End PBXNativeTarget section */

/* Begin PBXProject section */
		66CF3C1D1D1CD226007E5FE3 /* Project object */ = {
			isa = PBXProject;
			attributes = {
				LastUpgradeCheck = 0720;
				ORGANIZATIONNAME = msk;
				TargetAttributes = {
					66CF3C241D1CD226007E5FE3 = {
						CreatedOnToolsVersion = 7.2;
					};
					66CF3C3D1D1CD226007E5FE3 = {
						CreatedOnToolsVersion = 7.2;
						TestTargetID = 66CF3C241D1CD226007E5FE3;
					};
					66CF3C481D1CD226007E5FE3 = {
						CreatedOnToolsVersion = 7.2;
						TestTargetID = 66CF3C241D1CD226007E5FE3;
					};
				};
			};
			buildConfigurationList = 66CF3C201D1CD226007E5FE3 /* Build configuration list for PBXProject "ImageSelector" */;
			compatibilityVersion = "Xcode 3.2";
			developmentRegion = English;
			hasScannedForEncodings = 0;
			knownRegions = (
				English,
				en,
				Base,
			);
			mainGroup = 66CF3C1C1D1CD226007E5FE3;
			productRefGroup = 66CF3C261D1CD226007E5FE3 /* Products */;
			projectDirPath = "";
			projectRoot = "";
			targets = (
				66CF3C241D1CD226007E5FE3 /* ImageSelector */,
				66CF3C3D1D1CD226007E5FE3 /* ImageSelectorTests */,
				66CF3C481D1CD226007E5FE3 /* ImageSelectorUITests */,
			);
		};
/* End PBXProject section */

/* Begin PBXResourcesBuildPhase section */
		66CF3C231D1CD226007E5FE3 /* Resources */ = {
			isa = PBXResourcesBuildPhase;
			buildActionMask = 2147483647;
			files = (
				66CF3C381D1CD226007E5FE3 /* LaunchScreen.storyboard in Resources */,
				66CF3C351D1CD226007E5FE3 /* Assets.xcassets in Resources */,
				66CF3C6D1D1CD88D007E5FE3 /* MainViewController.xib in Resources */,
			);
			runOnlyForDeploymentPostprocessing = 0;
		};
		66CF3C3C1D1CD226007E5FE3 /* Resources */ = {
			isa = PBXResourcesBuildPhase;
			buildActionMask = 2147483647;
			files = (
			);
			runOnlyForDeploymentPostprocessing = 0;
		};
		66CF3C471D1CD226007E5FE3 /* Resources */ = {
			isa = PBXResourcesBuildPhase;
			buildActionMask = 2147483647;
			files = (
			);
			runOnlyForDeploymentPostprocessing = 0;
		};
/* End PBXResourcesBuildPhase section */

/* Begin PBXSourcesBuildPhase section */
		66CF3C211D1CD226007E5FE3 /* Sources */ = {
			isa = PBXSourcesBuildPhase;
			buildActionMask = 2147483647;
			files = (
				4177F43025026BBB00EE8826 /* VPImageCropperViewController.m in Sources */,
				66CF3C6C1D1CD88D007E5FE3 /* MainViewController.m in Sources */,
				4177F43125026BBB00EE8826 /* UIViewControllerImageCropper.m in Sources */,
				66CF3C2D1D1CD226007E5FE3 /* AppDelegate.m in Sources */,
				66CF3C2A1D1CD226007E5FE3 /* main.m in Sources */,
			);
			runOnlyForDeploymentPostprocessing = 0;
		};
		66CF3C3A1D1CD226007E5FE3 /* Sources */ = {
			isa = PBXSourcesBuildPhase;
			buildActionMask = 2147483647;
			files = (
				66CF3C431D1CD226007E5FE3 /* ImageSelectorTests.m in Sources */,
			);
			runOnlyForDeploymentPostprocessing = 0;
		};
		66CF3C451D1CD226007E5FE3 /* Sources */ = {
			isa = PBXSourcesBuildPhase;
			buildActionMask = 2147483647;
			files = (
				66CF3C4E1D1CD226007E5FE3 /* ImageSelectorUITests.m in Sources */,
			);
			runOnlyForDeploymentPostprocessing = 0;
		};
/* End PBXSourcesBuildPhase section */

/* Begin PBXTargetDependency section */
		66CF3C401D1CD226007E5FE3 /* PBXTargetDependency */ = {
			isa = PBXTargetDependency;
			target = 66CF3C241D1CD226007E5FE3 /* ImageSelector */;
			targetProxy = 66CF3C3F1D1CD226007E5FE3 /* PBXContainerItemProxy */;
		};
		66CF3C4B1D1CD226007E5FE3 /* PBXTargetDependency */ = {
			isa = PBXTargetDependency;
			target = 66CF3C241D1CD226007E5FE3 /* ImageSelector */;
			targetProxy = 66CF3C4A1D1CD226007E5FE3 /* PBXContainerItemProxy */;
		};
/* End PBXTargetDependency section */

/* Begin PBXVariantGroup section */
		66CF3C361D1CD226007E5FE3 /* LaunchScreen.storyboard */ = {
			isa = PBXVariantGroup;
			children = (
				66CF3C371D1CD226007E5FE3 /* Base */,
			);
			name = LaunchScreen.storyboard;
			sourceTree = "<group>";
		};
/* End PBXVariantGroup section */

/* Begin XCBuildConfiguration section */
		66CF3C501D1CD226007E5FE3 /* Debug */ = {
			isa = XCBuildConfiguration;
			buildSettings = {
				ALWAYS_SEARCH_USER_PATHS = NO;
				CLANG_CXX_LANGUAGE_STANDARD = "gnu++0x";
				CLANG_CXX_LIBRARY = "libc++";
				CLANG_ENABLE_MODULES = YES;
				CLANG_ENABLE_OBJC_ARC = YES;
				CLANG_WARN_BOOL_CONVERSION = YES;
				CLANG_WARN_CONSTANT_CONVERSION = YES;
				CLANG_WARN_DIRECT_OBJC_ISA_USAGE = YES_ERROR;
				CLANG_WARN_EMPTY_BODY = YES;
				CLANG_WARN_ENUM_CONVERSION = YES;
				CLANG_WARN_INT_CONVERSION = YES;
				CLANG_WARN_OBJC_ROOT_CLASS = YES_ERROR;
				CLANG_WARN_UNREACHABLE_CODE = YES;
				CLANG_WARN__DUPLICATE_METHOD_MATCH = YES;
				"CODE_SIGN_IDENTITY[sdk=iphoneos*]" = "iPhone Developer";
				COPY_PHASE_STRIP = NO;
				DEBUG_INFORMATION_FORMAT = dwarf;
				ENABLE_STRICT_OBJC_MSGSEND = YES;
				ENABLE_TESTABILITY = YES;
				GCC_C_LANGUAGE_STANDARD = gnu99;
				GCC_DYNAMIC_NO_PIC = NO;
				GCC_NO_COMMON_BLOCKS = YES;
				GCC_OPTIMIZATION_LEVEL = 0;
				GCC_PREPROCESSOR_DEFINITIONS = (
					"DEBUG=1",
					"$(inherited)",
				);
				GCC_WARN_64_TO_32_BIT_CONVERSION = YES;
				GCC_WARN_ABOUT_RETURN_TYPE = YES_ERROR;
				GCC_WARN_UNDECLARED_SELECTOR = YES;
				GCC_WARN_UNINITIALIZED_AUTOS = YES_AGGRESSIVE;
				GCC_WARN_UNUSED_FUNCTION = YES;
				GCC_WARN_UNUSED_VARIABLE = YES;
				IPHONEOS_DEPLOYMENT_TARGET = 9.2;
				MTL_ENABLE_DEBUG_INFO = YES;
				ONLY_ACTIVE_ARCH = YES;
				SDKROOT = iphoneos;
			};
			name = Debug;
		};
		66CF3C511D1CD226007E5FE3 /* Release */ = {
			isa = XCBuildConfiguration;
			buildSettings = {
				ALWAYS_SEARCH_USER_PATHS = NO;
				CLANG_CXX_LANGUAGE_STANDARD = "gnu++0x";
				CLANG_CXX_LIBRARY = "libc++";
				CLANG_ENABLE_MODULES = YES;
				CLANG_ENABLE_OBJC_ARC = YES;
				CLANG_WARN_BOOL_CONVERSION = YES;
				CLANG_WARN_CONSTANT_CONVERSION = YES;
				CLANG_WARN_DIRECT_OBJC_ISA_USAGE = YES_ERROR;
				CLANG_WARN_EMPTY_BODY = YES;
				CLANG_WARN_ENUM_CONVERSION = YES;
				CLANG_WARN_INT_CONVERSION = YES;
				CLANG_WARN_OBJC_ROOT_CLASS = YES_ERROR;
				CLANG_WARN_UNREACHABLE_CODE = YES;
				CLANG_WARN__DUPLICATE_METHOD_MATCH = YES;
				"CODE_SIGN_IDENTITY[sdk=iphoneos*]" = "iPhone Developer";
				COPY_PHASE_STRIP = NO;
				DEBUG_INFORMATION_FORMAT = "dwarf-with-dsym";
				ENABLE_NS_ASSERTIONS = NO;
				ENABLE_STRICT_OBJC_MSGSEND = YES;
				GCC_C_LANGUAGE_STANDARD = gnu99;
				GCC_NO_COMMON_BLOCKS = YES;
				GCC_WARN_64_TO_32_BIT_CONVERSION = YES;
				GCC_WARN_ABOUT_RETURN_TYPE = YES_ERROR;
				GCC_WARN_UNDECLARED_SELECTOR = YES;
				GCC_WARN_UNINITIALIZED_AUTOS = YES_AGGRESSIVE;
				GCC_WARN_UNUSED_FUNCTION = YES;
				GCC_WARN_UNUSED_VARIABLE = YES;
				IPHONEOS_DEPLOYMENT_TARGET = 9.2;
				MTL_ENABLE_DEBUG_INFO = NO;
				SDKROOT = iphoneos;
				VALIDATE_PRODUCT = YES;
			};
			name = Release;
		};
		66CF3C531D1CD226007E5FE3 /* Debug */ = {
			isa = XCBuildConfiguration;
			buildSettings = {
				ASSETCATALOG_COMPILER_APPICON_NAME = AppIcon;
				INFOPLIST_FILE = ImageSelector/Info.plist;
				IPHONEOS_DEPLOYMENT_TARGET = 7.0;
				LD_RUNPATH_SEARCH_PATHS = "$(inherited) @executable_path/Frameworks";
				PRODUCT_BUNDLE_IDENTIFIER = msk.ImageSelector;
				PRODUCT_NAME = "$(TARGET_NAME)";
			};
			name = Debug;
		};
		66CF3C541D1CD226007E5FE3 /* Release */ = {
			isa = XCBuildConfiguration;
			buildSettings = {
				ASSETCATALOG_COMPILER_APPICON_NAME = AppIcon;
				INFOPLIST_FILE = ImageSelector/Info.plist;
				IPHONEOS_DEPLOYMENT_TARGET = 7.0;
				LD_RUNPATH_SEARCH_PATHS = "$(inherited) @executable_path/Frameworks";
				PRODUCT_BUNDLE_IDENTIFIER = msk.ImageSelector;
				PRODUCT_NAME = "$(TARGET_NAME)";
			};
			name = Release;
		};
		66CF3C561D1CD226007E5FE3 /* Debug */ = {
			isa = XCBuildConfiguration;
			buildSettings = {
				BUNDLE_LOADER = "$(TEST_HOST)";
				INFOPLIST_FILE = ImageSelectorTests/Info.plist;
				LD_RUNPATH_SEARCH_PATHS = "$(inherited) @executable_path/Frameworks @loader_path/Frameworks";
				PRODUCT_BUNDLE_IDENTIFIER = msk.ImageSelectorTests;
				PRODUCT_NAME = "$(TARGET_NAME)";
				TEST_HOST = "$(BUILT_PRODUCTS_DIR)/ImageSelector.app/ImageSelector";
			};
			name = Debug;
		};
		66CF3C571D1CD226007E5FE3 /* Release */ = {
			isa = XCBuildConfiguration;
			buildSettings = {
				BUNDLE_LOADER = "$(TEST_HOST)";
				INFOPLIST_FILE = ImageSelectorTests/Info.plist;
				LD_RUNPATH_SEARCH_PATHS = "$(inherited) @executable_path/Frameworks @loader_path/Frameworks";
				PRODUCT_BUNDLE_IDENTIFIER = msk.ImageSelectorTests;
				PRODUCT_NAME = "$(TARGET_NAME)";
				TEST_HOST = "$(BUILT_PRODUCTS_DIR)/ImageSelector.app/ImageSelector";
			};
			name = Release;
		};
		66CF3C591D1CD226007E5FE3 /* Debug */ = {
			isa = XCBuildConfiguration;
			buildSettings = {
				INFOPLIST_FILE = ImageSelectorUITests/Info.plist;
				LD_RUNPATH_SEARCH_PATHS = "$(inherited) @executable_path/Frameworks @loader_path/Frameworks";
				PRODUCT_BUNDLE_IDENTIFIER = msk.ImageSelectorUITests;
				PRODUCT_NAME = "$(TARGET_NAME)";
				TEST_TARGET_NAME = ImageSelector;
				USES_XCTRUNNER = YES;
			};
			name = Debug;
		};
		66CF3C5A1D1CD226007E5FE3 /* Release */ = {
			isa = XCBuildConfiguration;
			buildSettings = {
				INFOPLIST_FILE = ImageSelectorUITests/Info.plist;
				LD_RUNPATH_SEARCH_PATHS = "$(inherited) @executable_path/Frameworks @loader_path/Frameworks";
				PRODUCT_BUNDLE_IDENTIFIER = msk.ImageSelectorUITests;
				PRODUCT_NAME = "$(TARGET_NAME)";
				TEST_TARGET_NAME = ImageSelector;
				USES_XCTRUNNER = YES;
			};
			name = Release;
		};
/* End XCBuildConfiguration section */

/* Begin XCConfigurationList section */
		66CF3C201D1CD226007E5FE3 /* Build configuration list for PBXProject "ImageSelector" */ = {
			isa = XCConfigurationList;
			buildConfigurations = (
				66CF3C501D1CD226007E5FE3 /* Debug */,
				66CF3C511D1CD226007E5FE3 /* Release */,
			);
			defaultConfigurationIsVisible = 0;
			defaultConfigurationName = Release;
		};
		66CF3C521D1CD226007E5FE3 /* Build configuration list for PBXNativeTarget "ImageSelector" */ = {
			isa = XCConfigurationList;
			buildConfigurations = (
				66CF3C531D1CD226007E5FE3 /* Debug */,
				66CF3C541D1CD226007E5FE3 /* Release */,
			);
			defaultConfigurationIsVisible = 0;
			defaultConfigurationName = Release;
		};
		66CF3C551D1CD226007E5FE3 /* Build configuration list for PBXNativeTarget "ImageSelectorTests" */ = {
			isa = XCConfigurationList;
			buildConfigurations = (
				66CF3C561D1CD226007E5FE3 /* Debug */,
				66CF3C571D1CD226007E5FE3 /* Release */,
			);
			defaultConfigurationIsVisible = 0;
			defaultConfigurationName = Release;
		};
		66CF3C581D1CD226007E5FE3 /* Build configuration list for PBXNativeTarget "ImageSelectorUITests" */ = {
			isa = XCConfigurationList;
			buildConfigurations = (
				66CF3C591D1CD226007E5FE3 /* Debug */,
				66CF3C5A1D1CD226007E5FE3 /* Release */,
			);
			defaultConfigurationIsVisible = 0;
			defaultConfigurationName = Release;
		};
/* End XCConfigurationList section */
	};
	rootObject = 66CF3C1D1D1CD226007E5FE3 /* Project object */;
}
